version: 2.0
shards:
  bindata:
    git: https://github.com/spider-gazelle/bindata.git
    version: 1.8.1

  cron_parser:
    git: https://github.com/kostya/cron_parser.git
    version: 0.3.0

  db:
    git: https://github.com/crystal-lang/crystal-db.git
    version: 0.10.0

  future:
    git: https://github.com/crystal-community/future.cr.git
    version: 0.1.0

  halite:
    git: https://github.com/icyleaf/halite.git
    version: 0.11.0

  jwt:
    git: https://github.com/crystal-community/jwt.git
    version: 1.5.0

  markd:
    git: https://github.com/icyleaf/markd.git
    version: 0.2.1

  memory_cache:
    git: https://github.com/kostya/memory_cache.git
    version: 0.4

  openssl_ext:
    git: https://github.com/spider-gazelle/openssl_ext.git
    version: 2.1.0

  retour:
    git: https://github.com/oprypin/retour.git
    version: 0.1.0+git.commit.dc75db45385ce77bea71aa2ef6081d12495500bf

  spec_assert:
    git: https://github.com/oprypin/spec-assert.git
    version: 0.1.0+git.commit.a5d589716e075deaf5a106a169f528e3a47a04a3

  sqlite3:
    git: https://github.com/crystal-lang/crystal-sqlite3.git
    version: 0.18.0

  tasker:
    git: https://github.com/spider-gazelle/tasker.git
    version: 2.0.2

  webmock:
    git: https://github.com/manastech/webmock.cr.git
    version: 0.14.0
